
Microsoft Visual Studio Solution File, Format Version 12.00
# Visual Studio 15
VisualStudioVersion = 15.0.26403.3
MinimumVisualStudioVersion = 10.0.40219.1
Project("{FAE04EC0-301F-11D3-BF4B-00C04F79EFBC}") = "MVC_5_Tutorials", "MVC_5_Tutorials\MVC_5_Tutorials.csproj", "{05D4A06D-DAE3-41A0-B40B-CF022509AC4B}"
EndProject
Project("{FAE04EC0-301F-11D3-BF4B-00C04F79EFBC}") = "HttpHelperMethods", "HttpHelperMethods\HttpHelperMethods.csproj", "{96A0CA2C-C1D3-4AEA-B52D-FA0DD117E7D3}"
EndProject
Project("{E24C65DC-7377-472B-9ABA-BC803B73C61A}") = "Bob_Tutorials_Web", "Bob_Tutorials_Web\", "{0445DDD0-AC66-44EE-AA3B-6AA3EA78A4FF}"
	ProjectSection(WebsiteProperties) = preProject
		TargetFrameworkMoniker = ".NETFramework,Version%3Dv4.7"
		Debug.AspNetCompiler.VirtualPath = "/localhost_50202"
		Debug.AspNetCompiler.PhysicalPath = "Bob_Tutorials_Web\"
		Debug.AspNetCompiler.TargetPath = "PrecompiledWeb\localhost_50202\"
		Debug.AspNetCompiler.Updateable = "true"
		Debug.AspNetCompiler.ForceOverwrite = "true"
		Debug.AspNetCompiler.FixedNames = "false"
		Debug.AspNetCompiler.Debug = "True"
		Release.AspNetCompiler.VirtualPath = "/localhost_50202"
		Release.AspNetCompiler.PhysicalPath = "Bob_Tutorials_Web\"
		Release.AspNetCompiler.TargetPath = "PrecompiledWeb\localhost_50202\"
		Release.AspNetCompiler.Updateable = "true"
		Release.AspNetCompiler.ForceOverwrite = "true"
		Release.AspNetCompiler.FixedNames = "false"
		Release.AspNetCompiler.Debug = "False"
		VWDPort = "50202"
		SlnRelativePath = "Bob_Tutorials_Web\"
		DefaultWebSiteLanguage = "Visual C#"
	EndProjectSection
EndProject
Project("{FAE04EC0-301F-11D3-BF4B-00C04F79EFBC}") = "YouTubeCOmplete", "YouTubeCOmplete\YouTubeCOmplete.csproj", "{7EB638D6-7691-41E8-88C3-6A7A5ED4A73F}"
EndProject
Global
	GlobalSection(SolutionConfigurationPlatforms) = preSolution
		Debug|Any CPU = Debug|Any CPU
		Release|Any CPU = Release|Any CPU
	EndGlobalSection
	GlobalSection(ProjectConfigurationPlatforms) = postSolution
		{05D4A06D-DAE3-41A0-B40B-CF022509AC4B}.Debug|Any CPU.ActiveCfg = Debug|Any CPU
		{05D4A06D-DAE3-41A0-B40B-CF022509AC4B}.Debug|Any CPU.Build.0 = Debug|Any CPU
		{05D4A06D-DAE3-41A0-B40B-CF022509AC4B}.Release|Any CPU.ActiveCfg = Release|Any CPU
		{05D4A06D-DAE3-41A0-B40B-CF022509AC4B}.Release|Any CPU.Build.0 = Release|Any CPU
		{96A0CA2C-C1D3-4AEA-B52D-FA0DD117E7D3}.Debug|Any CPU.ActiveCfg = Debug|Any CPU
		{96A0CA2C-C1D3-4AEA-B52D-FA0DD117E7D3}.Debug|Any CPU.Build.0 = Debug|Any CPU
		{96A0CA2C-C1D3-4AEA-B52D-FA0DD117E7D3}.Release|Any CPU.ActiveCfg = Release|Any CPU
		{96A0CA2C-C1D3-4AEA-B52D-FA0DD117E7D3}.Release|Any CPU.Build.0 = Release|Any CPU
		{0445DDD0-AC66-44EE-AA3B-6AA3EA78A4FF}.Debug|Any CPU.ActiveCfg = Debug|Any CPU
		{0445DDD0-AC66-44EE-AA3B-6AA3EA78A4FF}.Debug|Any CPU.Build.0 = Debug|Any CPU
		{0445DDD0-AC66-44EE-AA3B-6AA3EA78A4FF}.Release|Any CPU.ActiveCfg = Debug|Any CPU
		{0445DDD0-AC66-44EE-AA3B-6AA3EA78A4FF}.Release|Any CPU.Build.0 = Debug|Any CPU
		{7EB638D6-7691-41E8-88C3-6A7A5ED4A73F}.Debug|Any CPU.ActiveCfg = Debug|Any CPU
		{7EB638D6-7691-41E8-88C3-6A7A5ED4A73F}.Debug|Any CPU.Build.0 = Debug|Any CPU
		{7EB638D6-7691-41E8-88C3-6A7A5ED4A73F}.Release|Any CPU.ActiveCfg = Release|Any CPU
		{7EB638D6-7691-41E8-88C3-6A7A5ED4A73F}.Release|Any CPU.Build.0 = Release|Any CPU
	EndGlobalSection
	GlobalSection(SolutionProperties) = preSolution
		HideSolutionNode = FALSE
	EndGlobalSection
	GlobalSection(ExtensibilityGlobals) = postSolution
		SolutionGuid = {380C7AAD-2261-4A60-94A6-3C4F0E6B3430}
	EndGlobalSection
EndGlobal
